{
  "packages": [
    {
      "name": "ledger",
      "version": "0.4.1",
      "sha256": "61e481aae969a9cb0c5957b9296568de6aea467f92af387a40d6876d4c818d5e"
    },
    {
      "name": "grounding",
      "version": "1.0.0",
      "sha256": "0214f91c1094ef8d4aa0aca6d103653dbd05befdb5a312c88ab2dcb996c6ebe7"
    }
  ]
}
