{
  "packages": [
    {
      "name": "ledger",
      "version": "0.4.0",
      "sha256": "3815bdf30b583c57a90549429c0c920ba79c7cc29e15e6d7794671bdb76fb9e6"
    },
    {
      "name": "grounding",
      "version": "1.0.0",
      "sha256": "0214f91c1094ef8d4aa0aca6d103653dbd05befdb5a312c88ab2dcb996c6ebe7"
    }
  ]
}
